
Microsoft Visual Studio Solution File, Format Version 12.00
# Visual Studio Version 17
VisualStudioVersion = 17.11.35222.181
MinimumVisualStudioVersion = 10.0.40219.1
Project("{9A19103F-16F7-4668-BE54-9A1E7A4F7556}") = "Password", "Password\Password.csproj", "{3C4CC9AC-3927-44AC-BB1C-35AD7C6ACC00}"
EndProject
Project("{9A19103F-16F7-4668-BE54-9A1E7A4F7556}") = "CreateHash", "CreateHash\CreateHash.csproj", "{FFE09A53-E4DA-48CA-8F31-EDF03092B7C0}"
EndProject
Global
	GlobalSection(SolutionConfigurationPlatforms) = preSolution
		Debug|Any CPU = Debug|Any CPU
		Release|Any CPU = Release|Any CPU
	EndGlobalSection
	GlobalSection(ProjectConfigurationPlatforms) = postSolution
		{3C4CC9AC-3927-44AC-BB1C-35AD7C6ACC00}.Debug|Any CPU.ActiveCfg = Debug|Any CPU
		{3C4CC9AC-3927-44AC-BB1C-35AD7C6ACC00}.Debug|Any CPU.Build.0 = Debug|Any CPU
		{3C4CC9AC-3927-44AC-BB1C-35AD7C6ACC00}.Release|Any CPU.ActiveCfg = Release|Any CPU
		{3C4CC9AC-3927-44AC-BB1C-35AD7C6ACC00}.Release|Any CPU.Build.0 = Release|Any CPU
		{FFE09A53-E4DA-48CA-8F31-EDF03092B7C0}.Debug|Any CPU.ActiveCfg = Debug|Any CPU
		{FFE09A53-E4DA-48CA-8F31-EDF03092B7C0}.Debug|Any CPU.Build.0 = Debug|Any CPU
		{FFE09A53-E4DA-48CA-8F31-EDF03092B7C0}.Release|Any CPU.ActiveCfg = Release|Any CPU
		{FFE09A53-E4DA-48CA-8F31-EDF03092B7C0}.Release|Any CPU.Build.0 = Release|Any CPU
	EndGlobalSection
	GlobalSection(SolutionProperties) = preSolution
		HideSolutionNode = FALSE
	EndGlobalSection
	GlobalSection(ExtensibilityGlobals) = postSolution
		SolutionGuid = {E2C82324-9CE7-44AB-866B-2418E7FD583C}
	EndGlobalSection
EndGlobal
